Microsoft Visual Studio Solution File, Format Version 7.00
Project("{8BC9CEB8-8B4A-11D0-8D11-00A0C91BC942}") = "SexyAppBase", "..\SexyAppFramework\SexyAppBase.vcproj", "{DA08CABA-92AC-40F0-B63D-6ACE7814D600}"
EndProject
Project("{8BC9CEB8-8B4A-11D0-8D11-00A0C91BC942}") = "Demo1", "Demo1\Demo1.vcproj", "{F1FFB2ED-BC5D-40C9-A46B-92DAFEC91BBC}"
EndProject
Project("{8BC9CEB8-8B4A-11D0-8D11-00A0C91BC942}") = "Demo2", "Demo2\Demo2.vcproj", "{3729E951-A2F8-4516-BFF8-312040890EA4}"
EndProject
Project("{8BC9CEB8-8B4A-11D0-8D11-00A0C91BC942}") = "Demo3", "Demo3\Demo3.vcproj", "{07A2B4F6-12C3-47E6-AE89-B4013461A13A}"
EndProject
Project("{8BC9CEB8-8B4A-11D0-8D11-00A0C91BC942}") = "Demo4", "Demo4\Demo4.vcproj", "{11091E68-2497-4470-9719-8ED84CECF827}"
EndProject
Project("{8BC9CEB8-8B4A-11D0-8D11-00A0C91BC942}") = "Demo5", "Demo5\Demo5.vcproj", "{7B08C75A-BF48-43F1-9B62-B1982584C06B}"
EndProject
Project("{8BC9CEB8-8B4A-11D0-8D11-00A0C91BC942}") = "Hun-garr", "Hun-garr\Hun-garr.vcproj", "{1D5FBC14-C869-4CC1-8337-B084767012C3}"
EndProject
Project("{8BC9CEB8-8B4A-11D0-8D11-00A0C91BC942}") = "XMLDemo", "XMLDemo\XMLDemo.vcproj", "{6A242898-B1D4-4EEA-AE61-AF1002462917}"
EndProject
Project("{8BC9CEB8-8B4A-11D0-8D11-00A0C91BC942}") = "V12Demo", "V12Demo\V12Demo.vcproj", "{9A062D6E-B4A5-44F6-8D4D-84F19BCBF4FF}"
EndProject
Global
	GlobalSection(SolutionConfiguration) = preSolution
		ConfigName.0 = Debug
		ConfigName.1 = Release
	EndGlobalSection
	GlobalSection(ProjectDependencies) = postSolution
		{F1FFB2ED-BC5D-40C9-A46B-92DAFEC91BBC}.0 = {DA08CABA-92AC-40F0-B63D-6ACE7814D600}
		{3729E951-A2F8-4516-BFF8-312040890EA4}.0 = {DA08CABA-92AC-40F0-B63D-6ACE7814D600}
		{07A2B4F6-12C3-47E6-AE89-B4013461A13A}.0 = {DA08CABA-92AC-40F0-B63D-6ACE7814D600}
		{11091E68-2497-4470-9719-8ED84CECF827}.0 = {DA08CABA-92AC-40F0-B63D-6ACE7814D600}
		{7B08C75A-BF48-43F1-9B62-B1982584C06B}.0 = {DA08CABA-92AC-40F0-B63D-6ACE7814D600}
		{1D5FBC14-C869-4CC1-8337-B084767012C3}.0 = {DA08CABA-92AC-40F0-B63D-6ACE7814D600}
		{6A242898-B1D4-4EEA-AE61-AF1002462917}.0 = {DA08CABA-92AC-40F0-B63D-6ACE7814D600}
		{9A062D6E-B4A5-44F6-8D4D-84F19BCBF4FF}.0 = {DA08CABA-92AC-40F0-B63D-6ACE7814D600}
	EndGlobalSection
	GlobalSection(ProjectConfiguration) = postSolution
		{DA08CABA-92AC-40F0-B63D-6ACE7814D600}.Debug.ActiveCfg = Debug|Win32
		{DA08CABA-92AC-40F0-B63D-6ACE7814D600}.Debug.Build.0 = Debug|Win32
		{DA08CABA-92AC-40F0-B63D-6ACE7814D600}.Release.ActiveCfg = Release|Win32
		{DA08CABA-92AC-40F0-B63D-6ACE7814D600}.Release.Build.0 = Release|Win32
		{F1FFB2ED-BC5D-40C9-A46B-92DAFEC91BBC}.Debug.ActiveCfg = Debug|Win32
		{F1FFB2ED-BC5D-40C9-A46B-92DAFEC91BBC}.Debug.Build.0 = Debug|Win32
		{F1FFB2ED-BC5D-40C9-A46B-92DAFEC91BBC}.Release.ActiveCfg = Release|Win32
		{F1FFB2ED-BC5D-40C9-A46B-92DAFEC91BBC}.Release.Build.0 = Release|Win32
		{3729E951-A2F8-4516-BFF8-312040890EA4}.Debug.ActiveCfg = Debug|Win32
		{3729E951-A2F8-4516-BFF8-312040890EA4}.Debug.Build.0 = Debug|Win32
		{3729E951-A2F8-4516-BFF8-312040890EA4}.Release.ActiveCfg = Release|Win32
		{3729E951-A2F8-4516-BFF8-312040890EA4}.Release.Build.0 = Release|Win32
		{07A2B4F6-12C3-47E6-AE89-B4013461A13A}.Debug.ActiveCfg = Debug|Win32
		{07A2B4F6-12C3-47E6-AE89-B4013461A13A}.Debug.Build.0 = Debug|Win32
		{07A2B4F6-12C3-47E6-AE89-B4013461A13A}.Release.ActiveCfg = Release|Win32
		{07A2B4F6-12C3-47E6-AE89-B4013461A13A}.Release.Build.0 = Release|Win32
		{11091E68-2497-4470-9719-8ED84CECF827}.Debug.ActiveCfg = Debug|Win32
		{11091E68-2497-4470-9719-8ED84CECF827}.Debug.Build.0 = Debug|Win32
		{11091E68-2497-4470-9719-8ED84CECF827}.Release.ActiveCfg = Release|Win32
		{11091E68-2497-4470-9719-8ED84CECF827}.Release.Build.0 = Release|Win32
		{7B08C75A-BF48-43F1-9B62-B1982584C06B}.Debug.ActiveCfg = Debug|Win32
		{7B08C75A-BF48-43F1-9B62-B1982584C06B}.Debug.Build.0 = Debug|Win32
		{7B08C75A-BF48-43F1-9B62-B1982584C06B}.Release.ActiveCfg = Release|Win32
		{7B08C75A-BF48-43F1-9B62-B1982584C06B}.Release.Build.0 = Release|Win32
		{1D5FBC14-C869-4CC1-8337-B084767012C3}.Debug.ActiveCfg = Debug|Win32
		{1D5FBC14-C869-4CC1-8337-B084767012C3}.Debug.Build.0 = Debug|Win32
		{1D5FBC14-C869-4CC1-8337-B084767012C3}.Release.ActiveCfg = Release|Win32
		{1D5FBC14-C869-4CC1-8337-B084767012C3}.Release.Build.0 = Release|Win32
		{6A242898-B1D4-4EEA-AE61-AF1002462917}.Debug.ActiveCfg = Debug|Win32
		{6A242898-B1D4-4EEA-AE61-AF1002462917}.Debug.Build.0 = Debug|Win32
		{6A242898-B1D4-4EEA-AE61-AF1002462917}.Release.ActiveCfg = Release|Win32
		{6A242898-B1D4-4EEA-AE61-AF1002462917}.Release.Build.0 = Release|Win32
		{9A062D6E-B4A5-44F6-8D4D-84F19BCBF4FF}.Debug.ActiveCfg = Debug|Win32
		{9A062D6E-B4A5-44F6-8D4D-84F19BCBF4FF}.Debug.Build.0 = Debug|Win32
		{9A062D6E-B4A5-44F6-8D4D-84F19BCBF4FF}.Release.ActiveCfg = Release|Win32
		{9A062D6E-B4A5-44F6-8D4D-84F19BCBF4FF}.Release.Build.0 = Release|Win32
	EndGlobalSection
	GlobalSection(SolutionItems) = postSolution
		Item:1 = demos.txt
	EndGlobalSection
	GlobalSection(ExtensibilityGlobals) = postSolution
	EndGlobalSection
	GlobalSection(ExtensibilityAddIns) = postSolution
	EndGlobalSection
EndGlobal
